
Microsoft Visual Studio Solution File, Format Version 12.00
# Visual Studio Version 17
VisualStudioVersion = 17.3.32922.545
MinimumVisualStudioVersion = 10.0.40219.1
Project("{FAE04EC0-301F-11D3-BF4B-00C04F79EFBC}") = "Lesson_2.4", "Lesson_2.4.csproj", "{0BFCD784-6E8D-4161-B8F3-0A9AAC1FEC79}"
EndProject
Global
	GlobalSection(SolutionConfigurationPlatforms) = preSolution
		Debug|Any CPU = Debug|Any CPU
		Release|Any CPU = Release|Any CPU
	EndGlobalSection
	GlobalSection(ProjectConfigurationPlatforms) = postSolution
		{0BFCD784-6E8D-4161-B8F3-0A9AAC1FEC79}.Debug|Any CPU.ActiveCfg = Debug|Any CPU
		{0BFCD784-6E8D-4161-B8F3-0A9AAC1FEC79}.Debug|Any CPU.Build.0 = Debug|Any CPU
		{0BFCD784-6E8D-4161-B8F3-0A9AAC1FEC79}.Release|Any CPU.ActiveCfg = Release|Any CPU
		{0BFCD784-6E8D-4161-B8F3-0A9AAC1FEC79}.Release|Any CPU.Build.0 = Release|Any CPU
	EndGlobalSection
	GlobalSection(SolutionProperties) = preSolution
		HideSolutionNode = FALSE
	EndGlobalSection
	GlobalSection(ExtensibilityGlobals) = postSolution
		SolutionGuid = {F78DC675-6F4C-429B-A43F-AB492E0379F7}
	EndGlobalSection
EndGlobal
