
Microsoft Visual Studio Solution File, Format Version 12.00
# Visual Studio Version 17
VisualStudioVersion = 17.3.32922.545
MinimumVisualStudioVersion = 10.0.40219.1
Project("{FAE04EC0-301F-11D3-BF4B-00C04F79EFBC}") = "Lesson_1.4", "Lesson_1.4.csproj", "{46B4F2DB-3D26-4FDB-96E6-3785144D7415}"
EndProject
Global
	GlobalSection(SolutionConfigurationPlatforms) = preSolution
		Debug|Any CPU = Debug|Any CPU
		Release|Any CPU = Release|Any CPU
	EndGlobalSection
	GlobalSection(ProjectConfigurationPlatforms) = postSolution
		{46B4F2DB-3D26-4FDB-96E6-3785144D7415}.Debug|Any CPU.ActiveCfg = Debug|Any CPU
		{46B4F2DB-3D26-4FDB-96E6-3785144D7415}.Debug|Any CPU.Build.0 = Debug|Any CPU
		{46B4F2DB-3D26-4FDB-96E6-3785144D7415}.Release|Any CPU.ActiveCfg = Release|Any CPU
		{46B4F2DB-3D26-4FDB-96E6-3785144D7415}.Release|Any CPU.Build.0 = Release|Any CPU
	EndGlobalSection
	GlobalSection(SolutionProperties) = preSolution
		HideSolutionNode = FALSE
	EndGlobalSection
	GlobalSection(ExtensibilityGlobals) = postSolution
		SolutionGuid = {21B75131-CA2F-4C18-8F7B-3030DF53A22E}
	EndGlobalSection
EndGlobal
