
Microsoft Visual Studio Solution File, Format Version 12.00
# Visual Studio Version 17
VisualStudioVersion = 17.5.33516.290
MinimumVisualStudioVersion = 10.0.40219.1
Project("{FAE04EC0-301F-11D3-BF4B-00C04F79EFBC}") = "Lesson_7.3", "Lesson_7.3\Lesson_7.3.csproj", "{AA324C73-A9AF-4385-9C88-F155F4839259}"
EndProject
Global
	GlobalSection(SolutionConfigurationPlatforms) = preSolution
		Debug|Any CPU = Debug|Any CPU
		Release|Any CPU = Release|Any CPU
	EndGlobalSection
	GlobalSection(ProjectConfigurationPlatforms) = postSolution
		{AA324C73-A9AF-4385-9C88-F155F4839259}.Debug|Any CPU.ActiveCfg = Debug|Any CPU
		{AA324C73-A9AF-4385-9C88-F155F4839259}.Debug|Any CPU.Build.0 = Debug|Any CPU
		{AA324C73-A9AF-4385-9C88-F155F4839259}.Release|Any CPU.ActiveCfg = Release|Any CPU
		{AA324C73-A9AF-4385-9C88-F155F4839259}.Release|Any CPU.Build.0 = Release|Any CPU
	EndGlobalSection
	GlobalSection(SolutionProperties) = preSolution
		HideSolutionNode = FALSE
	EndGlobalSection
	GlobalSection(ExtensibilityGlobals) = postSolution
		SolutionGuid = {BDAD8A08-D6FD-49FE-B0CE-F719D444E949}
	EndGlobalSection
EndGlobal
