
Microsoft Visual Studio Solution File, Format Version 12.00
# Visual Studio Version 17
VisualStudioVersion = 17.3.32922.545
MinimumVisualStudioVersion = 10.0.40219.1
Project("{FAE04EC0-301F-11D3-BF4B-00C04F79EFBC}") = "Lesson_17.1", "Lesson_17.1.csproj", "{317F700D-365C-4125-A979-E609C2F5245D}"
EndProject
Global
	GlobalSection(SolutionConfigurationPlatforms) = preSolution
		Debug|Any CPU = Debug|Any CPU
		Release|Any CPU = Release|Any CPU
	EndGlobalSection
	GlobalSection(ProjectConfigurationPlatforms) = postSolution
		{317F700D-365C-4125-A979-E609C2F5245D}.Debug|Any CPU.ActiveCfg = Debug|Any CPU
		{317F700D-365C-4125-A979-E609C2F5245D}.Debug|Any CPU.Build.0 = Debug|Any CPU
		{317F700D-365C-4125-A979-E609C2F5245D}.Release|Any CPU.ActiveCfg = Release|Any CPU
		{317F700D-365C-4125-A979-E609C2F5245D}.Release|Any CPU.Build.0 = Release|Any CPU
	EndGlobalSection
	GlobalSection(SolutionProperties) = preSolution
		HideSolutionNode = FALSE
	EndGlobalSection
	GlobalSection(ExtensibilityGlobals) = postSolution
		SolutionGuid = {170570DB-1F98-47F5-B2FF-C5B94409F547}
	EndGlobalSection
EndGlobal
