
Microsoft Visual Studio Solution File, Format Version 12.00
# Visual Studio Version 17
VisualStudioVersion = 17.7.34024.191
MinimumVisualStudioVersion = 10.0.40219.1
Project("{FAE04EC0-301F-11D3-BF4B-00C04F79EFBC}") = "Lesson_1.1", "Lesson_1.1\Lesson_1.1.csproj", "{84AE5013-D472-40E1-A5E1-0DC03801085D}"
EndProject
Global
	GlobalSection(SolutionConfigurationPlatforms) = preSolution
		Debug|Any CPU = Debug|Any CPU
		Release|Any CPU = Release|Any CPU
	EndGlobalSection
	GlobalSection(ProjectConfigurationPlatforms) = postSolution
		{84AE5013-D472-40E1-A5E1-0DC03801085D}.Debug|Any CPU.ActiveCfg = Debug|Any CPU
		{84AE5013-D472-40E1-A5E1-0DC03801085D}.Debug|Any CPU.Build.0 = Debug|Any CPU
		{84AE5013-D472-40E1-A5E1-0DC03801085D}.Release|Any CPU.ActiveCfg = Release|Any CPU
		{84AE5013-D472-40E1-A5E1-0DC03801085D}.Release|Any CPU.Build.0 = Release|Any CPU
	EndGlobalSection
	GlobalSection(SolutionProperties) = preSolution
		HideSolutionNode = FALSE
	EndGlobalSection
	GlobalSection(ExtensibilityGlobals) = postSolution
		SolutionGuid = {E9B0A86D-00BE-4371-8E3B-CFF31113A1AC}
	EndGlobalSection
EndGlobal
