
Microsoft Visual Studio Solution File, Format Version 12.00
# Visual Studio Version 17
VisualStudioVersion = 17.3.32922.545
MinimumVisualStudioVersion = 10.0.40219.1
Project("{FAE04EC0-301F-11D3-BF4B-00C04F79EFBC}") = "Lesson_20.1", "Lesson_20.1.csproj", "{364CE8AA-B138-4C87-B374-55A4B1EAAFF4}"
EndProject
Global
	GlobalSection(SolutionConfigurationPlatforms) = preSolution
		Debug|Any CPU = Debug|Any CPU
		Release|Any CPU = Release|Any CPU
	EndGlobalSection
	GlobalSection(ProjectConfigurationPlatforms) = postSolution
		{364CE8AA-B138-4C87-B374-55A4B1EAAFF4}.Debug|Any CPU.ActiveCfg = Debug|Any CPU
		{364CE8AA-B138-4C87-B374-55A4B1EAAFF4}.Debug|Any CPU.Build.0 = Debug|Any CPU
		{364CE8AA-B138-4C87-B374-55A4B1EAAFF4}.Release|Any CPU.ActiveCfg = Release|Any CPU
		{364CE8AA-B138-4C87-B374-55A4B1EAAFF4}.Release|Any CPU.Build.0 = Release|Any CPU
	EndGlobalSection
	GlobalSection(SolutionProperties) = preSolution
		HideSolutionNode = FALSE
	EndGlobalSection
	GlobalSection(ExtensibilityGlobals) = postSolution
		SolutionGuid = {92740785-02AE-4C93-A350-C5919DA6F825}
	EndGlobalSection
EndGlobal
