
Microsoft Visual Studio Solution File, Format Version 12.00
# Visual Studio Version 17
VisualStudioVersion = 17.7.34024.191
MinimumVisualStudioVersion = 10.0.40219.1
Project("{FAE04EC0-301F-11D3-BF4B-00C04F79EFBC}") = "Lesson_1.3", "Lesson_1.3\Lesson_1.3.csproj", "{347DA6F7-B9D6-46E0-9334-067B79A0F8D4}"
EndProject
Global
	GlobalSection(SolutionConfigurationPlatforms) = preSolution
		Debug|Any CPU = Debug|Any CPU
		Release|Any CPU = Release|Any CPU
	EndGlobalSection
	GlobalSection(ProjectConfigurationPlatforms) = postSolution
		{347DA6F7-B9D6-46E0-9334-067B79A0F8D4}.Debug|Any CPU.ActiveCfg = Debug|Any CPU
		{347DA6F7-B9D6-46E0-9334-067B79A0F8D4}.Debug|Any CPU.Build.0 = Debug|Any CPU
		{347DA6F7-B9D6-46E0-9334-067B79A0F8D4}.Release|Any CPU.ActiveCfg = Release|Any CPU
		{347DA6F7-B9D6-46E0-9334-067B79A0F8D4}.Release|Any CPU.Build.0 = Release|Any CPU
	EndGlobalSection
	GlobalSection(SolutionProperties) = preSolution
		HideSolutionNode = FALSE
	EndGlobalSection
	GlobalSection(ExtensibilityGlobals) = postSolution
		SolutionGuid = {B21749A2-E4C7-4163-AF4D-3D6B1ACC7212}
	EndGlobalSection
EndGlobal
