
Microsoft Visual Studio Solution File, Format Version 12.00
# Visual Studio Version 17
VisualStudioVersion = 17.7.34024.191
MinimumVisualStudioVersion = 10.0.40219.1
Project("{FAE04EC0-301F-11D3-BF4B-00C04F79EFBC}") = "Lesson_2.3", "Lesson_2.3\Lesson_2.3.csproj", "{3E3EED98-D69B-4C24-BE0A-87666DD3F1E4}"
EndProject
Global
	GlobalSection(SolutionConfigurationPlatforms) = preSolution
		Debug|Any CPU = Debug|Any CPU
		Release|Any CPU = Release|Any CPU
	EndGlobalSection
	GlobalSection(ProjectConfigurationPlatforms) = postSolution
		{3E3EED98-D69B-4C24-BE0A-87666DD3F1E4}.Debug|Any CPU.ActiveCfg = Debug|Any CPU
		{3E3EED98-D69B-4C24-BE0A-87666DD3F1E4}.Debug|Any CPU.Build.0 = Debug|Any CPU
		{3E3EED98-D69B-4C24-BE0A-87666DD3F1E4}.Release|Any CPU.ActiveCfg = Release|Any CPU
		{3E3EED98-D69B-4C24-BE0A-87666DD3F1E4}.Release|Any CPU.Build.0 = Release|Any CPU
	EndGlobalSection
	GlobalSection(SolutionProperties) = preSolution
		HideSolutionNode = FALSE
	EndGlobalSection
	GlobalSection(ExtensibilityGlobals) = postSolution
		SolutionGuid = {EF5BBF60-AD88-46F9-8271-E9FD561D9692}
	EndGlobalSection
EndGlobal
