
Microsoft Visual Studio Solution File, Format Version 12.00
# Visual Studio Version 17
VisualStudioVersion = 17.7.34024.191
MinimumVisualStudioVersion = 10.0.40219.1
Project("{FAE04EC0-301F-11D3-BF4B-00C04F79EFBC}") = "Lesson_14.2", "Lesson_14.2\Lesson_14.2.csproj", "{B129D2DC-08F6-4D6B-AC35-73EEDE619745}"
EndProject
Global
	GlobalSection(SolutionConfigurationPlatforms) = preSolution
		Debug|Any CPU = Debug|Any CPU
		Release|Any CPU = Release|Any CPU
	EndGlobalSection
	GlobalSection(ProjectConfigurationPlatforms) = postSolution
		{B129D2DC-08F6-4D6B-AC35-73EEDE619745}.Debug|Any CPU.ActiveCfg = Debug|Any CPU
		{B129D2DC-08F6-4D6B-AC35-73EEDE619745}.Debug|Any CPU.Build.0 = Debug|Any CPU
		{B129D2DC-08F6-4D6B-AC35-73EEDE619745}.Release|Any CPU.ActiveCfg = Release|Any CPU
		{B129D2DC-08F6-4D6B-AC35-73EEDE619745}.Release|Any CPU.Build.0 = Release|Any CPU
	EndGlobalSection
	GlobalSection(SolutionProperties) = preSolution
		HideSolutionNode = FALSE
	EndGlobalSection
	GlobalSection(ExtensibilityGlobals) = postSolution
		SolutionGuid = {AC6590A8-10F1-425E-89B2-ACD450225F18}
	EndGlobalSection
EndGlobal
