
Microsoft Visual Studio Solution File, Format Version 12.00
# Visual Studio Version 17
VisualStudioVersion = 17.7.34024.191
MinimumVisualStudioVersion = 10.0.40219.1
Project("{FAE04EC0-301F-11D3-BF4B-00C04F79EFBC}") = "Lesson_4.1", "Lesson_4.1\Lesson_4.1.csproj", "{50DF930A-790D-4FDA-A99E-3B7D78D12232}"
EndProject
Global
	GlobalSection(SolutionConfigurationPlatforms) = preSolution
		Debug|Any CPU = Debug|Any CPU
		Release|Any CPU = Release|Any CPU
	EndGlobalSection
	GlobalSection(ProjectConfigurationPlatforms) = postSolution
		{50DF930A-790D-4FDA-A99E-3B7D78D12232}.Debug|Any CPU.ActiveCfg = Debug|Any CPU
		{50DF930A-790D-4FDA-A99E-3B7D78D12232}.Debug|Any CPU.Build.0 = Debug|Any CPU
		{50DF930A-790D-4FDA-A99E-3B7D78D12232}.Release|Any CPU.ActiveCfg = Release|Any CPU
		{50DF930A-790D-4FDA-A99E-3B7D78D12232}.Release|Any CPU.Build.0 = Release|Any CPU
	EndGlobalSection
	GlobalSection(SolutionProperties) = preSolution
		HideSolutionNode = FALSE
	EndGlobalSection
	GlobalSection(ExtensibilityGlobals) = postSolution
		SolutionGuid = {7F7B00B8-D36A-44AA-832F-190E4DE5C389}
	EndGlobalSection
EndGlobal
