
Microsoft Visual Studio Solution File, Format Version 12.00
# Visual Studio Version 17
VisualStudioVersion = 17.5.33516.290
MinimumVisualStudioVersion = 10.0.40219.1
Project("{FAE04EC0-301F-11D3-BF4B-00C04F79EFBC}") = "Lesson_5.4", "Lesson_5.4\Lesson_5.4.csproj", "{A6B6591E-813D-4264-A9F8-C42AE1117242}"
EndProject
Global
	GlobalSection(SolutionConfigurationPlatforms) = preSolution
		Debug|Any CPU = Debug|Any CPU
		Release|Any CPU = Release|Any CPU
	EndGlobalSection
	GlobalSection(ProjectConfigurationPlatforms) = postSolution
		{A6B6591E-813D-4264-A9F8-C42AE1117242}.Debug|Any CPU.ActiveCfg = Debug|Any CPU
		{A6B6591E-813D-4264-A9F8-C42AE1117242}.Debug|Any CPU.Build.0 = Debug|Any CPU
		{A6B6591E-813D-4264-A9F8-C42AE1117242}.Release|Any CPU.ActiveCfg = Release|Any CPU
		{A6B6591E-813D-4264-A9F8-C42AE1117242}.Release|Any CPU.Build.0 = Release|Any CPU
	EndGlobalSection
	GlobalSection(SolutionProperties) = preSolution
		HideSolutionNode = FALSE
	EndGlobalSection
	GlobalSection(ExtensibilityGlobals) = postSolution
		SolutionGuid = {92DFC413-ACA4-4EDD-9952-A59D8925C155}
	EndGlobalSection
EndGlobal
