
Microsoft Visual Studio Solution File, Format Version 12.00
# Visual Studio Version 17
VisualStudioVersion = 17.3.32922.545
MinimumVisualStudioVersion = 10.0.40219.1
Project("{FAE04EC0-301F-11D3-BF4B-00C04F79EFBC}") = "Lesson_4.2", "Lesson_4.2.csproj", "{413137FE-D447-40DD-9201-353802F3919B}"
EndProject
Global
	GlobalSection(SolutionConfigurationPlatforms) = preSolution
		Debug|Any CPU = Debug|Any CPU
		Release|Any CPU = Release|Any CPU
	EndGlobalSection
	GlobalSection(ProjectConfigurationPlatforms) = postSolution
		{413137FE-D447-40DD-9201-353802F3919B}.Debug|Any CPU.ActiveCfg = Debug|Any CPU
		{413137FE-D447-40DD-9201-353802F3919B}.Debug|Any CPU.Build.0 = Debug|Any CPU
		{413137FE-D447-40DD-9201-353802F3919B}.Release|Any CPU.ActiveCfg = Release|Any CPU
		{413137FE-D447-40DD-9201-353802F3919B}.Release|Any CPU.Build.0 = Release|Any CPU
	EndGlobalSection
	GlobalSection(SolutionProperties) = preSolution
		HideSolutionNode = FALSE
	EndGlobalSection
	GlobalSection(ExtensibilityGlobals) = postSolution
		SolutionGuid = {E77EACB5-385E-4A6D-B70B-45B9AB103FB6}
	EndGlobalSection
EndGlobal
