
Microsoft Visual Studio Solution File, Format Version 12.00
# Visual Studio Version 17
VisualStudioVersion = 17.3.32922.545
MinimumVisualStudioVersion = 10.0.40219.1
Project("{FAE04EC0-301F-11D3-BF4B-00C04F79EFBC}") = "Lesson_25.1", "Lesson_25.1.csproj", "{E63E7B2C-8AE5-4E28-B140-AA43BA8EDF60}"
EndProject
Global
	GlobalSection(SolutionConfigurationPlatforms) = preSolution
		Debug|Any CPU = Debug|Any CPU
		Release|Any CPU = Release|Any CPU
	EndGlobalSection
	GlobalSection(ProjectConfigurationPlatforms) = postSolution
		{E63E7B2C-8AE5-4E28-B140-AA43BA8EDF60}.Debug|Any CPU.ActiveCfg = Debug|Any CPU
		{E63E7B2C-8AE5-4E28-B140-AA43BA8EDF60}.Debug|Any CPU.Build.0 = Debug|Any CPU
		{E63E7B2C-8AE5-4E28-B140-AA43BA8EDF60}.Release|Any CPU.ActiveCfg = Release|Any CPU
		{E63E7B2C-8AE5-4E28-B140-AA43BA8EDF60}.Release|Any CPU.Build.0 = Release|Any CPU
	EndGlobalSection
	GlobalSection(SolutionProperties) = preSolution
		HideSolutionNode = FALSE
	EndGlobalSection
	GlobalSection(ExtensibilityGlobals) = postSolution
		SolutionGuid = {FFA1AEA2-E569-4F95-B07D-671245FA13E2}
	EndGlobalSection
EndGlobal
