
Microsoft Visual Studio Solution File, Format Version 12.00
# Visual Studio Version 17
VisualStudioVersion = 17.3.32922.545
MinimumVisualStudioVersion = 10.0.40219.1
Project("{FAE04EC0-301F-11D3-BF4B-00C04F79EFBC}") = "Lesson_23.1", "Lesson_23.1.csproj", "{A8300A12-E2BC-4607-9620-C7ED08B10724}"
EndProject
Global
	GlobalSection(SolutionConfigurationPlatforms) = preSolution
		Debug|Any CPU = Debug|Any CPU
		Release|Any CPU = Release|Any CPU
	EndGlobalSection
	GlobalSection(ProjectConfigurationPlatforms) = postSolution
		{A8300A12-E2BC-4607-9620-C7ED08B10724}.Debug|Any CPU.ActiveCfg = Debug|Any CPU
		{A8300A12-E2BC-4607-9620-C7ED08B10724}.Debug|Any CPU.Build.0 = Debug|Any CPU
		{A8300A12-E2BC-4607-9620-C7ED08B10724}.Release|Any CPU.ActiveCfg = Release|Any CPU
		{A8300A12-E2BC-4607-9620-C7ED08B10724}.Release|Any CPU.Build.0 = Release|Any CPU
	EndGlobalSection
	GlobalSection(SolutionProperties) = preSolution
		HideSolutionNode = FALSE
	EndGlobalSection
	GlobalSection(ExtensibilityGlobals) = postSolution
		SolutionGuid = {6FF828B6-8EA9-40E2-B3E2-7D951F4BCDD3}
	EndGlobalSection
EndGlobal
