
Microsoft Visual Studio Solution File, Format Version 12.00
# Visual Studio Version 17
VisualStudioVersion = 17.7.34024.191
MinimumVisualStudioVersion = 10.0.40219.1
Project("{FAE04EC0-301F-11D3-BF4B-00C04F79EFBC}") = "Lesson_16.3", "Lesson_16.3\Lesson_16.3.csproj", "{C24C5D92-4492-4287-8393-3C4E3840BA5C}"
EndProject
Global
	GlobalSection(SolutionConfigurationPlatforms) = preSolution
		Debug|Any CPU = Debug|Any CPU
		Release|Any CPU = Release|Any CPU
	EndGlobalSection
	GlobalSection(ProjectConfigurationPlatforms) = postSolution
		{C24C5D92-4492-4287-8393-3C4E3840BA5C}.Debug|Any CPU.ActiveCfg = Debug|Any CPU
		{C24C5D92-4492-4287-8393-3C4E3840BA5C}.Debug|Any CPU.Build.0 = Debug|Any CPU
		{C24C5D92-4492-4287-8393-3C4E3840BA5C}.Release|Any CPU.ActiveCfg = Release|Any CPU
		{C24C5D92-4492-4287-8393-3C4E3840BA5C}.Release|Any CPU.Build.0 = Release|Any CPU
	EndGlobalSection
	GlobalSection(SolutionProperties) = preSolution
		HideSolutionNode = FALSE
	EndGlobalSection
	GlobalSection(ExtensibilityGlobals) = postSolution
		SolutionGuid = {CE5DCDB2-4A48-401E-A71A-E2AD17EE14A7}
	EndGlobalSection
EndGlobal
