
Microsoft Visual Studio Solution File, Format Version 12.00
# Visual Studio Version 16
VisualStudioVersion = 16.0.29025.244
MinimumVisualStudioVersion = 10.0.40219.1
Project("{FAE04EC0-301F-11D3-BF4B-00C04F79EFBC}") = "000_Arrays", "000_Arrays.csproj", "{298F451E-0BC8-476A-B760-35C48E05C4F0}"
EndProject
Project("{FAE04EC0-301F-11D3-BF4B-00C04F79EFBC}") = "001_DiscountCalculator", "DiscountCalculator\001_DiscountCalculator.csproj", "{B6DCD8D5-D065-4D7C-933D-B50C6936FBB2}"
EndProject
Project("{FAE04EC0-301F-11D3-BF4B-00C04F79EFBC}") = "002_DiscountCalculator", "DiscountCalculator2\002_DiscountCalculator.csproj", "{11C69ECC-8F74-4401-AEBA-A3CDE5ABF6A1}"
EndProject
Global
	GlobalSection(SolutionConfigurationPlatforms) = preSolution
		Debug|Any CPU = Debug|Any CPU
		Release|Any CPU = Release|Any CPU
	EndGlobalSection
	GlobalSection(ProjectConfigurationPlatforms) = postSolution
		{298F451E-0BC8-476A-B760-35C48E05C4F0}.Debug|Any CPU.ActiveCfg = Debug|Any CPU
		{298F451E-0BC8-476A-B760-35C48E05C4F0}.Debug|Any CPU.Build.0 = Debug|Any CPU
		{298F451E-0BC8-476A-B760-35C48E05C4F0}.Release|Any CPU.ActiveCfg = Release|Any CPU
		{298F451E-0BC8-476A-B760-35C48E05C4F0}.Release|Any CPU.Build.0 = Release|Any CPU
		{B6DCD8D5-D065-4D7C-933D-B50C6936FBB2}.Debug|Any CPU.ActiveCfg = Debug|Any CPU
		{B6DCD8D5-D065-4D7C-933D-B50C6936FBB2}.Debug|Any CPU.Build.0 = Debug|Any CPU
		{B6DCD8D5-D065-4D7C-933D-B50C6936FBB2}.Release|Any CPU.ActiveCfg = Release|Any CPU
		{B6DCD8D5-D065-4D7C-933D-B50C6936FBB2}.Release|Any CPU.Build.0 = Release|Any CPU
		{11C69ECC-8F74-4401-AEBA-A3CDE5ABF6A1}.Debug|Any CPU.ActiveCfg = Debug|Any CPU
		{11C69ECC-8F74-4401-AEBA-A3CDE5ABF6A1}.Debug|Any CPU.Build.0 = Debug|Any CPU
		{11C69ECC-8F74-4401-AEBA-A3CDE5ABF6A1}.Release|Any CPU.ActiveCfg = Release|Any CPU
		{11C69ECC-8F74-4401-AEBA-A3CDE5ABF6A1}.Release|Any CPU.Build.0 = Release|Any CPU
	EndGlobalSection
	GlobalSection(SolutionProperties) = preSolution
		HideSolutionNode = FALSE
	EndGlobalSection
	GlobalSection(ExtensibilityGlobals) = postSolution
		SolutionGuid = {6C637636-14A7-4304-8963-CDEE8536A282}
	EndGlobalSection
EndGlobal
