
Microsoft Visual Studio Solution File, Format Version 12.00
# Visual Studio Version 17
VisualStudioVersion = 17.5.33516.290
MinimumVisualStudioVersion = 10.0.40219.1
Project("{FAE04EC0-301F-11D3-BF4B-00C04F79EFBC}") = "Lesson_9.2", "Lesson_9.2\Lesson_9.2.csproj", "{6F2F58B4-3CFB-4E63-A84E-E726F2868775}"
EndProject
Global
	GlobalSection(SolutionConfigurationPlatforms) = preSolution
		Debug|Any CPU = Debug|Any CPU
		Release|Any CPU = Release|Any CPU
	EndGlobalSection
	GlobalSection(ProjectConfigurationPlatforms) = postSolution
		{6F2F58B4-3CFB-4E63-A84E-E726F2868775}.Debug|Any CPU.ActiveCfg = Debug|Any CPU
		{6F2F58B4-3CFB-4E63-A84E-E726F2868775}.Debug|Any CPU.Build.0 = Debug|Any CPU
		{6F2F58B4-3CFB-4E63-A84E-E726F2868775}.Release|Any CPU.ActiveCfg = Release|Any CPU
		{6F2F58B4-3CFB-4E63-A84E-E726F2868775}.Release|Any CPU.Build.0 = Release|Any CPU
	EndGlobalSection
	GlobalSection(SolutionProperties) = preSolution
		HideSolutionNode = FALSE
	EndGlobalSection
	GlobalSection(ExtensibilityGlobals) = postSolution
		SolutionGuid = {1137783E-CEF5-4846-B160-4E0612E45675}
	EndGlobalSection
EndGlobal
