
Microsoft Visual Studio Solution File, Format Version 12.00
# Visual Studio Version 17
VisualStudioVersion = 17.7.34024.191
MinimumVisualStudioVersion = 10.0.40219.1
Project("{FAE04EC0-301F-11D3-BF4B-00C04F79EFBC}") = "Lesson_3.4", "Lesson_3.4\Lesson_3.4.csproj", "{BDBBB56D-C9A8-48C9-B002-B394C8BCF6A4}"
EndProject
Global
	GlobalSection(SolutionConfigurationPlatforms) = preSolution
		Debug|Any CPU = Debug|Any CPU
		Release|Any CPU = Release|Any CPU
	EndGlobalSection
	GlobalSection(ProjectConfigurationPlatforms) = postSolution
		{BDBBB56D-C9A8-48C9-B002-B394C8BCF6A4}.Debug|Any CPU.ActiveCfg = Debug|Any CPU
		{BDBBB56D-C9A8-48C9-B002-B394C8BCF6A4}.Debug|Any CPU.Build.0 = Debug|Any CPU
		{BDBBB56D-C9A8-48C9-B002-B394C8BCF6A4}.Release|Any CPU.ActiveCfg = Release|Any CPU
		{BDBBB56D-C9A8-48C9-B002-B394C8BCF6A4}.Release|Any CPU.Build.0 = Release|Any CPU
	EndGlobalSection
	GlobalSection(SolutionProperties) = preSolution
		HideSolutionNode = FALSE
	EndGlobalSection
	GlobalSection(ExtensibilityGlobals) = postSolution
		SolutionGuid = {C777ECE9-837E-410A-820F-013A9C2459F3}
	EndGlobalSection
EndGlobal
