
Microsoft Visual Studio Solution File, Format Version 12.00
# Visual Studio Version 17
VisualStudioVersion = 17.5.33516.290
MinimumVisualStudioVersion = 10.0.40219.1
Project("{FAE04EC0-301F-11D3-BF4B-00C04F79EFBC}") = "Lesson_11.1", "Lesson_11.1\Lesson_11.1.csproj", "{03F9C53E-53CB-44EA-86D8-CAA95A1F55AF}"
EndProject
Global
	GlobalSection(SolutionConfigurationPlatforms) = preSolution
		Debug|Any CPU = Debug|Any CPU
		Release|Any CPU = Release|Any CPU
	EndGlobalSection
	GlobalSection(ProjectConfigurationPlatforms) = postSolution
		{03F9C53E-53CB-44EA-86D8-CAA95A1F55AF}.Debug|Any CPU.ActiveCfg = Debug|Any CPU
		{03F9C53E-53CB-44EA-86D8-CAA95A1F55AF}.Debug|Any CPU.Build.0 = Debug|Any CPU
		{03F9C53E-53CB-44EA-86D8-CAA95A1F55AF}.Release|Any CPU.ActiveCfg = Release|Any CPU
		{03F9C53E-53CB-44EA-86D8-CAA95A1F55AF}.Release|Any CPU.Build.0 = Release|Any CPU
	EndGlobalSection
	GlobalSection(SolutionProperties) = preSolution
		HideSolutionNode = FALSE
	EndGlobalSection
	GlobalSection(ExtensibilityGlobals) = postSolution
		SolutionGuid = {B0138198-1E9F-4D93-AA05-402F31953A8C}
	EndGlobalSection
EndGlobal
