
Microsoft Visual Studio Solution File, Format Version 12.00
# Visual Studio Version 17
VisualStudioVersion = 17.7.34024.191
MinimumVisualStudioVersion = 10.0.40219.1
Project("{FAE04EC0-301F-11D3-BF4B-00C04F79EFBC}") = "Lesson_1.2", "Lesson_1.2\Lesson_1.2.csproj", "{BD800979-5324-4E67-97B9-99CB702F3AFC}"
EndProject
Global
	GlobalSection(SolutionConfigurationPlatforms) = preSolution
		Debug|Any CPU = Debug|Any CPU
		Release|Any CPU = Release|Any CPU
	EndGlobalSection
	GlobalSection(ProjectConfigurationPlatforms) = postSolution
		{BD800979-5324-4E67-97B9-99CB702F3AFC}.Debug|Any CPU.ActiveCfg = Debug|Any CPU
		{BD800979-5324-4E67-97B9-99CB702F3AFC}.Debug|Any CPU.Build.0 = Debug|Any CPU
		{BD800979-5324-4E67-97B9-99CB702F3AFC}.Release|Any CPU.ActiveCfg = Release|Any CPU
		{BD800979-5324-4E67-97B9-99CB702F3AFC}.Release|Any CPU.Build.0 = Release|Any CPU
	EndGlobalSection
	GlobalSection(SolutionProperties) = preSolution
		HideSolutionNode = FALSE
	EndGlobalSection
	GlobalSection(ExtensibilityGlobals) = postSolution
		SolutionGuid = {286FB3DA-BC75-47C0-9778-019204D53604}
	EndGlobalSection
EndGlobal
