
Microsoft Visual Studio Solution File, Format Version 12.00
# Visual Studio Version 17
VisualStudioVersion = 17.3.32922.545
MinimumVisualStudioVersion = 10.0.40219.1
Project("{FAE04EC0-301F-11D3-BF4B-00C04F79EFBC}") = "Lesson_28.0", "Lesson_28.0.csproj", "{A3DF93B5-E7B6-4556-B2BF-082BB4E9EA72}"
EndProject
Global
	GlobalSection(SolutionConfigurationPlatforms) = preSolution
		Debug|Any CPU = Debug|Any CPU
		Release|Any CPU = Release|Any CPU
	EndGlobalSection
	GlobalSection(ProjectConfigurationPlatforms) = postSolution
		{A3DF93B5-E7B6-4556-B2BF-082BB4E9EA72}.Debug|Any CPU.ActiveCfg = Debug|Any CPU
		{A3DF93B5-E7B6-4556-B2BF-082BB4E9EA72}.Debug|Any CPU.Build.0 = Debug|Any CPU
		{A3DF93B5-E7B6-4556-B2BF-082BB4E9EA72}.Release|Any CPU.ActiveCfg = Release|Any CPU
		{A3DF93B5-E7B6-4556-B2BF-082BB4E9EA72}.Release|Any CPU.Build.0 = Release|Any CPU
	EndGlobalSection
	GlobalSection(SolutionProperties) = preSolution
		HideSolutionNode = FALSE
	EndGlobalSection
	GlobalSection(ExtensibilityGlobals) = postSolution
		SolutionGuid = {8508752E-F940-4341-8816-1BCAB87BB41C}
	EndGlobalSection
EndGlobal
