
Microsoft Visual Studio Solution File, Format Version 12.00
# Visual Studio Version 17
VisualStudioVersion = 17.7.34024.191
MinimumVisualStudioVersion = 10.0.40219.1
Project("{FAE04EC0-301F-11D3-BF4B-00C04F79EFBC}") = "Lesson_3.1", "Lesson_3.1\Lesson_3.1.csproj", "{D3AEB541-7C89-4ABB-B15A-BE3C703EEC57}"
EndProject
Global
	GlobalSection(SolutionConfigurationPlatforms) = preSolution
		Debug|Any CPU = Debug|Any CPU
		Release|Any CPU = Release|Any CPU
	EndGlobalSection
	GlobalSection(ProjectConfigurationPlatforms) = postSolution
		{D3AEB541-7C89-4ABB-B15A-BE3C703EEC57}.Debug|Any CPU.ActiveCfg = Debug|Any CPU
		{D3AEB541-7C89-4ABB-B15A-BE3C703EEC57}.Debug|Any CPU.Build.0 = Debug|Any CPU
		{D3AEB541-7C89-4ABB-B15A-BE3C703EEC57}.Release|Any CPU.ActiveCfg = Release|Any CPU
		{D3AEB541-7C89-4ABB-B15A-BE3C703EEC57}.Release|Any CPU.Build.0 = Release|Any CPU
	EndGlobalSection
	GlobalSection(SolutionProperties) = preSolution
		HideSolutionNode = FALSE
	EndGlobalSection
	GlobalSection(ExtensibilityGlobals) = postSolution
		SolutionGuid = {0AEFE771-5A41-4993-A0A9-9C129EAD637B}
	EndGlobalSection
EndGlobal
